// !$*UTF8*$!
{
	archiveVersion = 1;
	classes = {
	};
	objectVersion = 56;
	objects = {

/* Begin PBXBuildFile section */
		410ADEC62C4FCC360098B6D9 /* AppDelegate.swift in Sources */ = {isa = PBXBuildFile; fileRef = 410ADEC52C4FCC360098B6D9 /* AppDelegate.swift */; };
		410ADEC82C4FCC360098B6D9 /* SceneDelegate.swift in Sources */ = {isa = PBXBuildFile; fileRef = 410ADEC72C4FCC360098B6D9 /* SceneDelegate.swift */; };
		410ADECA2C4FCC360098B6D9 /* ViewController.swift in Sources */ = {isa = PBXBuildFile; fileRef = 410ADEC92C4FCC360098B6D9 /* ViewController.swift */; };
		410ADECD2C4FCC360098B6D9 /* Base in Resources */ = {isa = PBXBuildFile; fileRef = 410ADECC2C4FCC360098B6D9 /* Base */; };
		410ADECF2C4FCC370098B6D9 /* Assets.xcassets in Resources */ = {isa = PBXBuildFile; fileRef = 410ADECE2C4FCC370098B6D9 /* Assets.xcassets */; };
		410ADED22C4FCC370098B6D9 /* Base in Resources */ = {isa = PBXBuildFile; fileRef = 410ADED12C4FCC370098B6D9 /* Base */; };
		410ADEDC2C4FCF1C0098B6D9 /* FirstViewController.swift in Sources */ = {isa = PBXBuildFile; fileRef = 410ADEDB2C4FCF1C0098B6D9 /* FirstViewController.swift */; };
		410ADEDE2C4FCF8E0098B6D9 /* SecondViewController.swift in Sources */ = {isa = PBXBuildFile; fileRef = 410ADEDD2C4FCF8E0098B6D9 /* SecondViewController.swift */; };
		41821F982C52720B001F3CC5 /* ItunesViewModel.swift in Sources */ = {isa = PBXBuildFile; fileRef = 41821F972C52720B001F3CC5 /* ItunesViewModel.swift */; };
		41F617D42C4FDC99006D0E6D /* SearchResponse.swift in Sources */ = {isa = PBXBuildFile; fileRef = 41F617D32C4FDC99006D0E6D /* SearchResponse.swift */; };
		41F617D62C4FDCC0006D0E6D /* Network.swift in Sources */ = {isa = PBXBuildFile; fileRef = 41F617D52C4FDCC0006D0E6D /* Network.swift */; };
		41F617DA2C4FE4DB006D0E6D /* ItemCellTableViewCell.swift in Sources */ = {isa = PBXBuildFile; fileRef = 41F617D82C4FE4DB006D0E6D /* ItemCellTableViewCell.swift */; };
		41F617DB2C4FE4DB006D0E6D /* ItemCellTableViewCell.xib in Resources */ = {isa = PBXBuildFile; fileRef = 41F617D92C4FE4DB006D0E6D /* ItemCellTableViewCell.xib */; };
/* End PBXBuildFile section */

/* Begin PBXFileReference section */
		410ADEC22C4FCC360098B6D9 /* Navigation.app */ = {isa = PBXFileReference; explicitFileType = wrapper.application; includeInIndex = 0; path = Navigation.app; sourceTree = BUILT_PRODUCTS_DIR; };
		410ADEC52C4FCC360098B6D9 /* AppDelegate.swift */ = {isa = PBXFileReference; lastKnownFileType = sourcecode.swift; path = AppDelegate.swift; sourceTree = "<group>"; };
		410ADEC72C4FCC360098B6D9 /* SceneDelegate.swift */ = {isa = PBXFileReference; lastKnownFileType = sourcecode.swift; path = SceneDelegate.swift; sourceTree = "<group>"; };
		410ADEC92C4FCC360098B6D9 /* ViewController.swift */ = {isa = PBXFileReference; lastKnownFileType = sourcecode.swift; path = ViewController.swift; sourceTree = "<group>"; };
		410ADECC2C4FCC360098B6D9 /* Base */ = {isa = PBXFileReference; lastKnownFileType = file.storyboard; name = Base; path = Base.lproj/Main.storyboard; sourceTree = "<group>"; };
		410ADECE2C4FCC370098B6D9 /* Assets.xcassets */ = {isa = PBXFileReference; lastKnownFileType = folder.assetcatalog; path = Assets.xcassets; sourceTree = "<group>"; };
		410ADED12C4FCC370098B6D9 /* Base */ = {isa = PBXFileReference; lastKnownFileType = file.storyboard; name = Base; path = Base.lproj/LaunchScreen.storyboard; sourceTree = "<group>"; };
		410ADED32C4FCC370098B6D9 /* Info.plist */ = {isa = PBXFileReference; lastKnownFileType = text.plist.xml; path = Info.plist; sourceTree = "<group>"; };
		410ADEDB2C4FCF1C0098B6D9 /* FirstViewController.swift */ = {isa = PBXFileReference; lastKnownFileType = sourcecode.swift; path = FirstViewController.swift; sourceTree = "<group>"; };
		410ADEDD2C4FCF8E0098B6D9 /* SecondViewController.swift */ = {isa = PBXFileReference; lastKnownFileType = sourcecode.swift; path = SecondViewController.swift; sourceTree = "<group>"; };
		41821F972C52720B001F3CC5 /* ItunesViewModel.swift */ = {isa = PBXFileReference; lastKnownFileType = sourcecode.swift; path = ItunesViewModel.swift; sourceTree = "<group>"; };
		41F617D32C4FDC99006D0E6D /* SearchResponse.swift */ = {isa = PBXFileReference; lastKnownFileType = sourcecode.swift; path = SearchResponse.swift; sourceTree = "<group>"; };
		41F617D52C4FDCC0006D0E6D /* Network.swift */ = {isa = PBXFileReference; lastKnownFileType = sourcecode.swift; path = Network.swift; sourceTree = "<group>"; };
		41F617D82C4FE4DB006D0E6D /* ItemCellTableViewCell.swift */ = {isa = PBXFileReference; lastKnownFileType = sourcecode.swift; path = ItemCellTableViewCell.swift; sourceTree = "<group>"; };
		41F617D92C4FE4DB006D0E6D /* ItemCellTableViewCell.xib */ = {isa = PBXFileReference; lastKnownFileType = file.xib; path = ItemCellTableViewCell.xib; sourceTree = "<group>"; };
/* End PBXFileReference section */

/* Begin PBXFrameworksBuildPhase section */
		410ADEBF2C4FCC360098B6D9 /* Frameworks */ = {
			isa = PBXFrameworksBuildPhase;
			buildActionMask = 2147483647;
			files = (
			);
			runOnlyForDeploymentPostprocessing = 0;
		};
/* End PBXFrameworksBuildPhase section */

/* Begin PBXGroup section */
		410ADEB92C4FCC360098B6D9 = {
			isa = PBXGroup;
			children = (
				410ADEC42C4FCC360098B6D9 /* Navigation */,
				410ADEC32C4FCC360098B6D9 /* Products */,
			);
			sourceTree = "<group>";
		};
		410ADEC32C4FCC360098B6D9 /* Products */ = {
			isa = PBXGroup;
			children = (
				410ADEC22C4FCC360098B6D9 /* Navigation.app */,
			);
			name = Products;
			sourceTree = "<group>";
		};
		410ADEC42C4FCC360098B6D9 /* Navigation */ = {
			isa = PBXGroup;
			children = (
				41F617D72C4FE4BF006D0E6D /* ItemCell */,
				41F617D22C4FDC83006D0E6D /* Network */,
				410ADEC52C4FCC360098B6D9 /* AppDelegate.swift */,
				410ADEC72C4FCC360098B6D9 /* SceneDelegate.swift */,
				410ADEC92C4FCC360098B6D9 /* ViewController.swift */,
				410ADECB2C4FCC360098B6D9 /* Main.storyboard */,
				410ADECE2C4FCC370098B6D9 /* Assets.xcassets */,
				410ADED02C4FCC370098B6D9 /* LaunchScreen.storyboard */,
				410ADED32C4FCC370098B6D9 /* Info.plist */,
				410ADEDB2C4FCF1C0098B6D9 /* FirstViewController.swift */,
				410ADEDD2C4FCF8E0098B6D9 /* SecondViewController.swift */,
				41821F972C52720B001F3CC5 /* ItunesViewModel.swift */,
			);
			path = Navigation;
			sourceTree = "<group>";
		};
		41F617D22C4FDC83006D0E6D /* Network */ = {
			isa = PBXGroup;
			children = (
				41F617D32C4FDC99006D0E6D /* SearchResponse.swift */,
				41F617D52C4FDCC0006D0E6D /* Network.swift */,
			);
			path = Network;
			sourceTree = "<group>";
		};
		41F617D72C4FE4BF006D0E6D /* ItemCell */ = {
			isa = PBXGroup;
			children = (
				41F617D82C4FE4DB006D0E6D /* ItemCellTableViewCell.swift */,
				41F617D92C4FE4DB006D0E6D /* ItemCellTableViewCell.xib */,
			);
			path = ItemCell;
			sourceTree = "<group>";
		};
/* End PBXGroup section */

/* Begin PBXNativeTarget section */
		410ADEC12C4FCC360098B6D9 /* Navigation */ = {
			isa = PBXNativeTarget;
			buildConfigurationList = 410ADED62C4FCC370098B6D9 /* Build configuration list for PBXNativeTarget "Navigation" */;
			buildPhases = (
				410ADEBE2C4FCC360098B6D9 /* Sources */,
				410ADEBF2C4FCC360098B6D9 /* Frameworks */,
				410ADEC02C4FCC360098B6D9 /* Resources */,
			);
			buildRules = (
			);
			dependencies = (
			);
			name = Navigation;
			productName = Navigation;
			productReference = 410ADEC22C4FCC360098B6D9 /* Navigation.app */;
			productType = "com.apple.product-type.application";
		};
/* End PBXNativeTarget section */

/* Begin PBXProject section */
		410ADEBA2C4FCC360098B6D9 /* Project object */ = {
			isa = PBXProject;
			attributes = {
				BuildIndependentTargetsInParallel = 1;
				LastSwiftUpdateCheck = 1540;
				LastUpgradeCheck = 1540;
				TargetAttributes = {
					410ADEC12C4FCC360098B6D9 = {
						CreatedOnToolsVersion = 15.4;
					};
				};
			};
			buildConfigurationList = 410ADEBD2C4FCC360098B6D9 /* Build configuration list for PBXProject "Navigation" */;
			compatibilityVersion = "Xcode 14.0";
			developmentRegion = en;
			hasScannedForEncodings = 0;
			knownRegions = (
				en,
				Base,
			);
			mainGroup = 410ADEB92C4FCC360098B6D9;
			productRefGroup = 410ADEC32C4FCC360098B6D9 /* Products */;
			projectDirPath = "";
			projectRoot = "";
			targets = (
				410ADEC12C4FCC360098B6D9 /* Navigation */,
			);
		};
/* End PBXProject section */

/* Begin PBXResourcesBuildPhase section */
		410ADEC02C4FCC360098B6D9 /* Resources */ = {
			isa = PBXResourcesBuildPhase;
			buildActionMask = 2147483647;
			files = (
				41F617DB2C4FE4DB006D0E6D /* ItemCellTableViewCell.xib in Resources */,
				410ADECF2C4FCC370098B6D9 /* Assets.xcassets in Resources */,
				410ADED22C4FCC370098B6D9 /* Base in Resources */,
				410ADECD2C4FCC360098B6D9 /* Base in Resources */,
			);
			runOnlyForDeploymentPostprocessing = 0;
		};
/* End PBXResourcesBuildPhase section */

/* Begin PBXSourcesBuildPhase section */
		410ADEBE2C4FCC360098B6D9 /* Sources */ = {
			isa = PBXSourcesBuildPhase;
			buildActionMask = 2147483647;
			files = (
				41821F982C52720B001F3CC5 /* ItunesViewModel.swift in Sources */,
				41F617DA2C4FE4DB006D0E6D /* ItemCellTableViewCell.swift in Sources */,
				41F617D42C4FDC99006D0E6D /* SearchResponse.swift in Sources */,
				410ADECA2C4FCC360098B6D9 /* ViewController.swift in Sources */,
				41F617D62C4FDCC0006D0E6D /* Network.swift in Sources */,
				410ADEC62C4FCC360098B6D9 /* AppDelegate.swift in Sources */,
				410ADEC82C4FCC360098B6D9 /* SceneDelegate.swift in Sources */,
				410ADEDE2C4FCF8E0098B6D9 /* SecondViewController.swift in Sources */,
				410ADEDC2C4FCF1C0098B6D9 /* FirstViewController.swift in Sources */,
			);
			runOnlyForDeploymentPostprocessing = 0;
		};
/* End PBXSourcesBuildPhase section */

/* Begin PBXVariantGroup section */
		410ADECB2C4FCC360098B6D9 /* Main.storyboard */ = {
			isa = PBXVariantGroup;
			children = (
				410ADECC2C4FCC360098B6D9 /* Base */,
			);
			name = Main.storyboard;
			sourceTree = "<group>";
		};
		410ADED02C4FCC370098B6D9 /* LaunchScreen.storyboard */ = {
			isa = PBXVariantGroup;
			children = (
				410ADED12C4FCC370098B6D9 /* Base */,
			);
			name = LaunchScreen.storyboard;
			sourceTree = "<group>";
		};
/* End PBXVariantGroup section */

/* Begin XCBuildConfiguration section */
		410ADED42C4FCC370098B6D9 /* Debug */ = {
			isa = XCBuildConfiguration;
			buildSettings = {
				ALWAYS_SEARCH_USER_PATHS = NO;
				ASSETCATALOG_COMPILER_GENERATE_SWIFT_ASSET_SYMBOL_EXTENSIONS = YES;
				CLANG_ANALYZER_NONNULL = YES;
				CLANG_ANALYZER_NUMBER_OBJECT_CONVERSION = YES_AGGRESSIVE;
				CLANG_CXX_LANGUAGE_STANDARD = "gnu++20";
				CLANG_ENABLE_MODULES = YES;
				CLANG_ENABLE_OBJC_ARC = YES;
				CLANG_ENABLE_OBJC_WEAK = YES;
				CLANG_WARN_BLOCK_CAPTURE_AUTORELEASING = YES;
				CLANG_WARN_BOOL_CONVERSION = YES;
				CLANG_WARN_COMMA = YES;
				CLANG_WARN_CONSTANT_CONVERSION = YES;
				CLANG_WARN_DEPRECATED_OBJC_IMPLEMENTATIONS = YES;
				CLANG_WARN_DIRECT_OBJC_ISA_USAGE = YES_ERROR;
				CLANG_WARN_DOCUMENTATION_COMMENTS = YES;
				CLANG_WARN_EMPTY_BODY = YES;
				CLANG_WARN_ENUM_CONVERSION = YES;
				CLANG_WARN_INFINITE_RECURSION = YES;
				CLANG_WARN_INT_CONVERSION = YES;
				CLANG_WARN_NON_LITERAL_NULL_CONVERSION = YES;
				CLANG_WARN_OBJC_IMPLICIT_RETAIN_SELF = YES;
				CLANG_WARN_OBJC_LITERAL_CONVERSION = YES;
				CLANG_WARN_OBJC_ROOT_CLASS = YES_ERROR;
				CLANG_WARN_QUOTED_INCLUDE_IN_FRAMEWORK_HEADER = YES;
				CLANG_WARN_RANGE_LOOP_ANALYSIS = YES;
				CLANG_WARN_STRICT_PROTOTYPES = YES;
				CLANG_WARN_SUSPICIOUS_MOVE = YES;
				CLANG_WARN_UNGUARDED_AVAILABILITY = YES_AGGRESSIVE;
				CLANG_WARN_UNREACHABLE_CODE = YES;
				CLANG_WARN__DUPLICATE_METHOD_MATCH = YES;
				COPY_PHASE_STRIP = NO;
				DEBUG_INFORMATION_FORMAT = dwarf;
				ENABLE_STRICT_OBJC_MSGSEND = YES;
				ENABLE_TESTABILITY = YES;
				ENABLE_USER_SCRIPT_SANDBOXING = YES;
				GCC_C_LANGUAGE_STANDARD = gnu17;
				GCC_DYNAMIC_NO_PIC = NO;
				GCC_NO_COMMON_BLOCKS = YES;
				GCC_OPTIMIZATION_LEVEL = 0;
				GCC_PREPROCESSOR_DEFINITIONS = (
					"DEBUG=1",
					"$(inherited)",
				);
				GCC_WARN_64_TO_32_BIT_CONVERSION = YES;
				GCC_WARN_ABOUT_RETURN_TYPE = YES_ERROR;
				GCC_WARN_UNDECLARED_SELECTOR = YES;
				GCC_WARN_UNINITIALIZED_AUTOS = YES_AGGRESSIVE;
				GCC_WARN_UNUSED_FUNCTION = YES;
				GCC_WARN_UNUSED_VARIABLE = YES;
				IPHONEOS_DEPLOYMENT_TARGET = 17.5;
				LOCALIZATION_PREFERS_STRING_CATALOGS = YES;
				MTL_ENABLE_DEBUG_INFO = INCLUDE_SOURCE;
				MTL_FAST_MATH = YES;
				ONLY_ACTIVE_ARCH = YES;
				SDKROOT = iphoneos;
				SWIFT_ACTIVE_COMPILATION_CONDITIONS = "DEBUG $(inherited)";
				SWIFT_OPTIMIZATION_LEVEL = "-Onone";
			};
			name = Debug;
		};
		410ADED52C4FCC370098B6D9 /* Release */ = {
			isa = XCBuildConfiguration;
			buildSettings = {
				ALWAYS_SEARCH_USER_PATHS = NO;
				ASSETCATALOG_COMPILER_GENERATE_SWIFT_ASSET_SYMBOL_EXTENSIONS = YES;
				CLANG_ANALYZER_NONNULL = YES;
				CLANG_ANALYZER_NUMBER_OBJECT_CONVERSION = YES_AGGRESSIVE;
				CLANG_CXX_LANGUAGE_STANDARD = "gnu++20";
				CLANG_ENABLE_MODULES = YES;
				CLANG_ENABLE_OBJC_ARC = YES;
				CLANG_ENABLE_OBJC_WEAK = YES;
				CLANG_WARN_BLOCK_CAPTURE_AUTORELEASING = YES;
				CLANG_WARN_BOOL_CONVERSION = YES;
				CLANG_WARN_COMMA = YES;
				CLANG_WARN_CONSTANT_CONVERSION = YES;
				CLANG_WARN_DEPRECATED_OBJC_IMPLEMENTATIONS = YES;
				CLANG_WARN_DIRECT_OBJC_ISA_USAGE = YES_ERROR;
				CLANG_WARN_DOCUMENTATION_COMMENTS = YES;
				CLANG_WARN_EMPTY_BODY = YES;
				CLANG_WARN_ENUM_CONVERSION = YES;
				CLANG_WARN_INFINITE_RECURSION = YES;
				CLANG_WARN_INT_CONVERSION = YES;
				CLANG_WARN_NON_LITERAL_NULL_CONVERSION = YES;
				CLANG_WARN_OBJC_IMPLICIT_RETAIN_SELF = YES;
				CLANG_WARN_OBJC_LITERAL_CONVERSION = YES;
				CLANG_WARN_OBJC_ROOT_CLASS = YES_ERROR;
				CLANG_WARN_QUOTED_INCLUDE_IN_FRAMEWORK_HEADER = YES;
				CLANG_WARN_RANGE_LOOP_ANALYSIS = YES;
				CLANG_WARN_STRICT_PROTOTYPES = YES;
				CLANG_WARN_SUSPICIOUS_MOVE = YES;
				CLANG_WARN_UNGUARDED_AVAILABILITY = YES_AGGRESSIVE;
				CLANG_WARN_UNREACHABLE_CODE = YES;
				CLANG_WARN__DUPLICATE_METHOD_MATCH = YES;
				COPY_PHASE_STRIP = NO;
				DEBUG_INFORMATION_FORMAT = "dwarf-with-dsym";
				ENABLE_NS_ASSERTIONS = NO;
				ENABLE_STRICT_OBJC_MSGSEND = YES;
				ENABLE_USER_SCRIPT_SANDBOXING = YES;
				GCC_C_LANGUAGE_STANDARD = gnu17;
				GCC_NO_COMMON_BLOCKS = YES;
				GCC_WARN_64_TO_32_BIT_CONVERSION = YES;
				GCC_WARN_ABOUT_RETURN_TYPE = YES_ERROR;
				GCC_WARN_UNDECLARED_SELECTOR = YES;
				GCC_WARN_UNINITIALIZED_AUTOS = YES_AGGRESSIVE;
				GCC_WARN_UNUSED_FUNCTION = YES;
				GCC_WARN_UNUSED_VARIABLE = YES;
				IPHONEOS_DEPLOYMENT_TARGET = 17.5;
				LOCALIZATION_PREFERS_STRING_CATALOGS = YES;
				MTL_ENABLE_DEBUG_INFO = NO;
				MTL_FAST_MATH = YES;
				SDKROOT = iphoneos;
				SWIFT_COMPILATION_MODE = wholemodule;
				VALIDATE_PRODUCT = YES;
			};
			name = Release;
		};
		410ADED72C4FCC370098B6D9 /* Debug */ = {
			isa = XCBuildConfiguration;
			buildSettings = {
				ASSETCATALOG_COMPILER_APPICON_NAME = AppIcon;
				ASSETCATALOG_COMPILER_GLOBAL_ACCENT_COLOR_NAME = AccentColor;
				CODE_SIGN_STYLE = Automatic;
				CURRENT_PROJECT_VERSION = 1;
				DEVELOPMENT_TEAM = UCFUD3958V;
				GENERATE_INFOPLIST_FILE = YES;
				INFOPLIST_FILE = Navigation/Info.plist;
				INFOPLIST_KEY_UIApplicationSupportsIndirectInputEvents = YES;
				INFOPLIST_KEY_UILaunchStoryboardName = LaunchScreen;
				INFOPLIST_KEY_UIMainStoryboardFile = Main;
				INFOPLIST_KEY_UISupportedInterfaceOrientations_iPad = "UIInterfaceOrientationPortrait UIInterfaceOrientationPortraitUpsideDown UIInterfaceOrientationLandscapeLeft UIInterfaceOrientationLandscapeRight";
				INFOPLIST_KEY_UISupportedInterfaceOrientations_iPhone = "UIInterfaceOrientationPortrait UIInterfaceOrientationLandscapeLeft UIInterfaceOrientationLandscapeRight";
				LD_RUNPATH_SEARCH_PATHS = (
					"$(inherited)",
					"@executable_path/Frameworks",
				);
				MARKETING_VERSION = 1.0;
				PRODUCT_BUNDLE_IDENTIFIER = com.bootcamp.Navigation;
				PRODUCT_NAME = "$(TARGET_NAME)";
				SWIFT_EMIT_LOC_STRINGS = YES;
				SWIFT_VERSION = 5.0;
				TARGETED_DEVICE_FAMILY = "1,2";
			};
			name = Debug;
		};
		410ADED82C4FCC370098B6D9 /* Release */ = {
			isa = XCBuildConfiguration;
			buildSettings = {
				ASSETCATALOG_COMPILER_APPICON_NAME = AppIcon;
				ASSETCATALOG_COMPILER_GLOBAL_ACCENT_COLOR_NAME = AccentColor;
				CODE_SIGN_STYLE = Automatic;
				CURRENT_PROJECT_VERSION = 1;
				DEVELOPMENT_TEAM = UCFUD3958V;
				GENERATE_INFOPLIST_FILE = YES;
				INFOPLIST_FILE = Navigation/Info.plist;
				INFOPLIST_KEY_UIApplicationSupportsIndirectInputEvents = YES;
				INFOPLIST_KEY_UILaunchStoryboardName = LaunchScreen;
				INFOPLIST_KEY_UIMainStoryboardFile = Main;
				INFOPLIST_KEY_UISupportedInterfaceOrientations_iPad = "UIInterfaceOrientationPortrait UIInterfaceOrientationPortraitUpsideDown UIInterfaceOrientationLandscapeLeft UIInterfaceOrientationLandscapeRight";
				INFOPLIST_KEY_UISupportedInterfaceOrientations_iPhone = "UIInterfaceOrientationPortrait UIInterfaceOrientationLandscapeLeft UIInterfaceOrientationLandscapeRight";
				LD_RUNPATH_SEARCH_PATHS = (
					"$(inherited)",
					"@executable_path/Frameworks",
				);
				MARKETING_VERSION = 1.0;
				PRODUCT_BUNDLE_IDENTIFIER = com.bootcamp.Navigation;
				PRODUCT_NAME = "$(TARGET_NAME)";
				SWIFT_EMIT_LOC_STRINGS = YES;
				SWIFT_VERSION = 5.0;
				TARGETED_DEVICE_FAMILY = "1,2";
			};
			name = Release;
		};
/* End XCBuildConfiguration section */

/* Begin XCConfigurationList section */
		410ADEBD2C4FCC360098B6D9 /* Build configuration list for PBXProject "Navigation" */ = {
			isa = XCConfigurationList;
			buildConfigurations = (
				410ADED42C4FCC370098B6D9 /* Debug */,
				410ADED52C4FCC370098B6D9 /* Release */,
			);
			defaultConfigurationIsVisible = 0;
			defaultConfigurationName = Release;
		};
		410ADED62C4FCC370098B6D9 /* Build configuration list for PBXNativeTarget "Navigation" */ = {
			isa = XCConfigurationList;
			buildConfigurations = (
				410ADED72C4FCC370098B6D9 /* Debug */,
				410ADED82C4FCC370098B6D9 /* Release */,
			);
			defaultConfigurationIsVisible = 0;
			defaultConfigurationName = Release;
		};
/* End XCConfigurationList section */
	};
	rootObject = 410ADEBA2C4FCC360098B6D9 /* Project object */;
}
